// !$*UTF8*$!
{
	archiveVersion = 1;
	classes = {
	};
	objectVersion = 44;
	objects = {

/* Begin PBXAggregateTarget section */
		5C7A87570F81389A007B4724 /* Prosilica Module */ = {
			isa = PBXAggregateTarget;
			buildConfigurationList = 5C7A875D0F8138F5007B4724 /* Build configuration list for PBXAggregateTarget "Prosilica Module" */;
			buildPhases = (
				5C7A87560F81389A007B4724 /* ShellScript */,
			);
			dependencies = (
			);
			name = "Prosilica Module";
			productName = "Prosilica Module";
		};
/* End PBXAggregateTarget section */

/* Begin PBXBuildFile section */
		5C1498FE0ECCDBD900FB73BB /* FakeCameraDevice.py in Resources */ = {isa = PBXBuildFile; fileRef = 5C1498F20ECCDBD900FB73BB /* FakeCameraDevice.py */; };
		5C1499040ECCDBD900FB73BB /* ProsilicaCameraDevice.py in Resources */ = {isa = PBXBuildFile; fileRef = 5C1498FC0ECCDBD900FB73BB /* ProsilicaCameraDevice.py */; };
		5C1499050ECCDBD900FB73BB /* POVRaySimulatedCameraDevice.py in Resources */ = {isa = PBXBuildFile; fileRef = 5C1498FD0ECCDBD900FB73BB /* POVRaySimulatedCameraDevice.py */; };
		5C14991E0ECCDBEF00FB73BB /* EyeTrackerController.py in Resources */ = {isa = PBXBuildFile; fileRef = 5C1499070ECCDBEF00FB73BB /* EyeTrackerController.py */; };
		5C14991F0ECCDBEF00FB73BB /* TrackerCameraView.py in Resources */ = {isa = PBXBuildFile; fileRef = 5C1499080ECCDBEF00FB73BB /* TrackerCameraView.py */; };
		5C1499200ECCDBEF00FB73BB /* CompositeEyeFeatureFinder.py in Resources */ = {isa = PBXBuildFile; fileRef = 5C14990A0ECCDBEF00FB73BB /* CompositeEyeFeatureFinder.py */; };
		5C1499210ECCDBEF00FB73BB /* ImageProcessingBackend.py in Resources */ = {isa = PBXBuildFile; fileRef = 5C14990B0ECCDBEF00FB73BB /* ImageProcessingBackend.py */; };
		5C1499220ECCDBEF00FB73BB /* EyeFeatureFinder.py in Resources */ = {isa = PBXBuildFile; fileRef = 5C14990C0ECCDBEF00FB73BB /* EyeFeatureFinder.py */; };
		5C1499230ECCDBEF00FB73BB /* FastRadialFeatureFinder.py in Resources */ = {isa = PBXBuildFile; fileRef = 5C14990D0ECCDBEF00FB73BB /* FastRadialFeatureFinder.py */; };
		5C1499240ECCDBEF00FB73BB /* PipelinedFeatureFinder.py in Resources */ = {isa = PBXBuildFile; fileRef = 5C14990E0ECCDBEF00FB73BB /* PipelinedFeatureFinder.py */; };
		5C1499250ECCDBEF00FB73BB /* SimpleEyeFeatureFinder.py in Resources */ = {isa = PBXBuildFile; fileRef = 5C14990F0ECCDBEF00FB73BB /* SimpleEyeFeatureFinder.py */; };
		5C1499270ECCDBEF00FB73BB /* NoX.tiff in Resources */ = {isa = PBXBuildFile; fileRef = 5C1499120ECCDBEF00FB73BB /* NoX.tiff */; };
		5C1499280ECCDBEF00FB73BB /* OkCheck.tiff in Resources */ = {isa = PBXBuildFile; fileRef = 5C1499130ECCDBEF00FB73BB /* OkCheck.tiff */; };
		5C1499290ECCDBEF00FB73BB /* MightexLEDController.py in Resources */ = {isa = PBXBuildFile; fileRef = 5C1499160ECCDBEF00FB73BB /* MightexLEDController.py */; };
		5C14992A0ECCDBEF00FB73BB /* SimulatedLEDController.py in Resources */ = {isa = PBXBuildFile; fileRef = 5C1499170ECCDBEF00FB73BB /* SimulatedLEDController.py */; };
		5C14992B0ECCDBEF00FB73BB /* ESP300StageController.py in Resources */ = {isa = PBXBuildFile; fileRef = 5C1499190ECCDBEF00FB73BB /* ESP300StageController.py */; };
		5C14992C0ECCDBEF00FB73BB /* EyeTrackerStageController.py in Resources */ = {isa = PBXBuildFile; fileRef = 5C14991A0ECCDBEF00FB73BB /* EyeTrackerStageController.py */; };
		5C14992D0ECCDBEF00FB73BB /* SimulatedStageController.py in Resources */ = {isa = PBXBuildFile; fileRef = 5C14991B0ECCDBEF00FB73BB /* SimulatedStageController.py */; };
		5C14992E0ECCDBEF00FB73BB /* IPSerialBridge.py in Resources */ = {isa = PBXBuildFile; fileRef = 5C14991D0ECCDBEF00FB73BB /* IPSerialBridge.py */; };
		5C1499690ECDD5E900FB73BB /* CobraEyeTracker.py in Resources */ = {isa = PBXBuildFile; fileRef = 5C1499680ECDD5E900FB73BB /* CobraEyeTracker.py */; };
		5C4A926C12221F5C0021D741 /* FrugalCompositeEyeFeatureFinder.py in Resources */ = {isa = PBXBuildFile; fileRef = 5C4A926B12221F5C0021D741 /* FrugalCompositeEyeFeatureFinder.py */; };
		5C6200300EE8CF7B00A3ED1D /* prosilica.py in Resources */ = {isa = PBXBuildFile; fileRef = 5C62002A0EE8CF7B00A3ED1D /* prosilica.py */; };
		5C6200310EE8CF7B00A3ED1D /* prosilica_cpp.py in Resources */ = {isa = PBXBuildFile; fileRef = 5C62002C0EE8CF7B00A3ED1D /* prosilica_cpp.py */; };
		5C62FC900EE5CAD200A3ED1D /* StahlLikeCalibrator.py in Resources */ = {isa = PBXBuildFile; fileRef = 5C62FC8F0EE5CAD200A3ED1D /* StahlLikeCalibrator.py */; };
		5C62FCA90EE84F2600A3ED1D /* TestSimulatedCalibration.py in Resources */ = {isa = PBXBuildFile; fileRef = 5C62FCA80EE84F2600A3ED1D /* TestSimulatedCalibration.py */; };
		5C7A87380F81215E007B4724 /* mw_conduit.so in Resources */ = {isa = PBXBuildFile; fileRef = 5C7A87370F81215E007B4724 /* mw_conduit.so */; };
		5C7A87980F813C5E007B4724 /* _prosilica_cpp.so in Resources */ = {isa = PBXBuildFile; fileRef = 5C7A87970F813C5E007B4724 /* _prosilica_cpp.so */; };
		5C81AD270EF6FF4C0041F785 /* TestESP300Stages.py in Resources */ = {isa = PBXBuildFile; fileRef = 5C81AD260EF6FF4C0041F785 /* TestESP300Stages.py */; };
		5C9EE34D1072B0660051414D /* VanillaBackend.py in Resources */ = {isa = PBXBuildFile; fileRef = 5C9EE34C1072B0660051414D /* VanillaBackend.py */; };
		5C9EE34F1072B0780051414D /* WovenBackend.py in Resources */ = {isa = PBXBuildFile; fileRef = 5C9EE34E1072B0780051414D /* WovenBackend.py */; };
		5C9EE3511072B0870051414D /* OpenCLBackend.py in Resources */ = {isa = PBXBuildFile; fileRef = 5C9EE3501072B0870051414D /* OpenCLBackend.py */; };
		5CA677B40F67F3E900773E97 /* SubpixelStarburstEyeFeatureFinder.py in Resources */ = {isa = PBXBuildFile; fileRef = 5CA677B30F67F3E900773E97 /* SubpixelStarburstEyeFeatureFinder.py */; };
		5CA677E30F67FC0800773E97 /* EyetrackerUtilities.py in Resources */ = {isa = PBXBuildFile; fileRef = 5CA677E20F67FC0800773E97 /* EyetrackerUtilities.py */; };
		5CA679480F688D4900773E97 /* TrackerMeasurement.py in Resources */ = {isa = PBXBuildFile; fileRef = 5CA679470F688D4900773E97 /* TrackerMeasurement.py */; };
		5CA6794A0F68927200773E97 /* TrackerMeasurementController.py in Resources */ = {isa = PBXBuildFile; fileRef = 5CA679490F68927200773E97 /* TrackerMeasurementController.py */; };
		5CA67A2E0F69771500773E97 /* cocoa_backend.py in Resources */ = {isa = PBXBuildFile; fileRef = 5CA67A2D0F69771500773E97 /* cocoa_backend.py */; };
		5CA67AC80F69B6B600773E97 /* KVCCompliant.py in Resources */ = {isa = PBXBuildFile; fileRef = 5CA67AC70F69B6B600773E97 /* KVCCompliant.py */; };
		5CBBCDFC1056C504004C69DF /* python2.6_env in Resources */ = {isa = PBXBuildFile; fileRef = 5CBBC2821056C4FE004C69DF /* python2.6_env */; };
		5CBBE89610574F6F004C69DF /* OpenCLImageProcessing.py in Resources */ = {isa = PBXBuildFile; fileRef = 5CBBE89510574F6F004C69DF /* OpenCLImageProcessing.py */; };
		5CD24BDF1046DF4200B621C5 /* python_env in Resources */ = {isa = PBXBuildFile; fileRef = 5CD237061046DF3E00B621C5 /* python_env */; };
		6880E3590FA8CADF0001A812 /* FocusAndZoomController.py in Resources */ = {isa = PBXBuildFile; fileRef = 6880E3580FA8CADF0001A812 /* FocusAndZoomController.py */; };
		68E6A446122F0B2E004B45F4 /* eye.icns in Resources */ = {isa = PBXBuildFile; fileRef = 68E6A445122F0B2E004B45F4 /* eye.icns */; };
		77631A3F0C0748CF005415CB /* main.py in Resources */ = {isa = PBXBuildFile; fileRef = 77631A3E0C0748CF005415CB /* main.py */; };
		77C8C1F90C07829500965286 /* MainMenu.xib in Resources */ = {isa = PBXBuildFile; fileRef = 77C8C1F70C07829500965286 /* MainMenu.xib */; };
		8D11072B0486CEB800E47090 /* InfoPlist.strings in Resources */ = {isa = PBXBuildFile; fileRef = 089C165CFE840E0CC02AAC07 /* InfoPlist.strings */; };
		8D11072D0486CEB800E47090 /* main.m in Sources */ = {isa = PBXBuildFile; fileRef = 29B97316FDCFA39411CA2CEA /* main.m */; settings = {ATTRIBUTES = (); }; };
		8D11072F0486CEB800E47090 /* Cocoa.framework in Frameworks */ = {isa = PBXBuildFile; fileRef = 1058C7A1FEA54F0111CA2CBB /* Cocoa.framework */; };
/* End PBXBuildFile section */

/* Begin PBXFileReference section */
		089C165DFE840E0CC02AAC07 /* English */ = {isa = PBXFileReference; fileEncoding = 10; lastKnownFileType = text.plist.strings; name = English; path = English.lproj/InfoPlist.strings; sourceTree = "<group>"; };
		1058C7A1FEA54F0111CA2CBB /* Cocoa.framework */ = {isa = PBXFileReference; lastKnownFileType = wrapper.framework; name = Cocoa.framework; path = /System/Library/Frameworks/Cocoa.framework; sourceTree = "<absolute>"; };
		13E42FB307B3F0F600E4EEF1 /* CoreData.framework */ = {isa = PBXFileReference; lastKnownFileType = wrapper.framework; name = CoreData.framework; path = /System/Library/Frameworks/CoreData.framework; sourceTree = "<absolute>"; };
		29B97316FDCFA39411CA2CEA /* main.m */ = {isa = PBXFileReference; fileEncoding = 4; lastKnownFileType = sourcecode.c.objc; path = main.m; sourceTree = "<group>"; };
		29B97324FDCFA39411CA2CEA /* AppKit.framework */ = {isa = PBXFileReference; lastKnownFileType = wrapper.framework; name = AppKit.framework; path = /System/Library/Frameworks/AppKit.framework; sourceTree = "<absolute>"; };
		29B97325FDCFA39411CA2CEA /* Foundation.framework */ = {isa = PBXFileReference; lastKnownFileType = wrapper.framework; name = Foundation.framework; path = /System/Library/Frameworks/Foundation.framework; sourceTree = "<absolute>"; };
		32CA4F630368D1EE00C91783 /* EyeTracker_Prefix.pch */ = {isa = PBXFileReference; fileEncoding = 4; lastKnownFileType = sourcecode.c.h; path = EyeTracker_Prefix.pch; sourceTree = "<group>"; };
		5C1498F20ECCDBD900FB73BB /* FakeCameraDevice.py */ = {isa = PBXFileReference; fileEncoding = 4; lastKnownFileType = text.script.python; path = FakeCameraDevice.py; sourceTree = "<group>"; };
		5C1498FC0ECCDBD900FB73BB /* ProsilicaCameraDevice.py */ = {isa = PBXFileReference; fileEncoding = 4; lastKnownFileType = text.script.python; path = ProsilicaCameraDevice.py; sourceTree = "<group>"; };
		5C1498FD0ECCDBD900FB73BB /* POVRaySimulatedCameraDevice.py */ = {isa = PBXFileReference; fileEncoding = 4; lastKnownFileType = text.script.python; path = POVRaySimulatedCameraDevice.py; sourceTree = "<group>"; };
		5C1499070ECCDBEF00FB73BB /* EyeTrackerController.py */ = {isa = PBXFileReference; fileEncoding = 4; lastKnownFileType = text.script.python; path = EyeTrackerController.py; sourceTree = "<group>"; };
		5C1499080ECCDBEF00FB73BB /* TrackerCameraView.py */ = {isa = PBXFileReference; fileEncoding = 4; lastKnownFileType = text.script.python; path = TrackerCameraView.py; sourceTree = "<group>"; };
		5C14990A0ECCDBEF00FB73BB /* CompositeEyeFeatureFinder.py */ = {isa = PBXFileReference; fileEncoding = 4; lastKnownFileType = text.script.python; lineEnding = 0; path = CompositeEyeFeatureFinder.py; sourceTree = "<group>"; xcLanguageSpecificationIdentifier = xcode.lang.python; };
		5C14990B0ECCDBEF00FB73BB /* ImageProcessingBackend.py */ = {isa = PBXFileReference; fileEncoding = 4; lastKnownFileType = text.script.python; path = ImageProcessingBackend.py; sourceTree = "<group>"; };
		5C14990C0ECCDBEF00FB73BB /* EyeFeatureFinder.py */ = {isa = PBXFileReference; fileEncoding = 4; lastKnownFileType = text.script.python; path = EyeFeatureFinder.py; sourceTree = "<group>"; };
		5C14990D0ECCDBEF00FB73BB /* FastRadialFeatureFinder.py */ = {isa = PBXFileReference; fileEncoding = 4; lastKnownFileType = text.script.python; lineEnding = 0; path = FastRadialFeatureFinder.py; sourceTree = "<group>"; xcLanguageSpecificationIdentifier = xcode.lang.python; };
		5C14990E0ECCDBEF00FB73BB /* PipelinedFeatureFinder.py */ = {isa = PBXFileReference; fileEncoding = 4; lastKnownFileType = text.script.python; lineEnding = 0; path = PipelinedFeatureFinder.py; sourceTree = "<group>"; xcLanguageSpecificationIdentifier = xcode.lang.python; };
		5C14990F0ECCDBEF00FB73BB /* SimpleEyeFeatureFinder.py */ = {isa = PBXFileReference; fileEncoding = 4; lastKnownFileType = text.script.python; path = SimpleEyeFeatureFinder.py; sourceTree = "<group>"; };
		5C1499120ECCDBEF00FB73BB /* NoX.tiff */ = {isa = PBXFileReference; lastKnownFileType = image.tiff; path = NoX.tiff; sourceTree = "<group>"; };
		5C1499130ECCDBEF00FB73BB /* OkCheck.tiff */ = {isa = PBXFileReference; lastKnownFileType = image.tiff; path = OkCheck.tiff; sourceTree = "<group>"; };
		5C1499160ECCDBEF00FB73BB /* MightexLEDController.py */ = {isa = PBXFileReference; fileEncoding = 4; lastKnownFileType = text.script.python; path = MightexLEDController.py; sourceTree = "<group>"; };
		5C1499170ECCDBEF00FB73BB /* SimulatedLEDController.py */ = {isa = PBXFileReference; fileEncoding = 4; lastKnownFileType = text.script.python; path = SimulatedLEDController.py; sourceTree = "<group>"; };
		5C1499190ECCDBEF00FB73BB /* ESP300StageController.py */ = {isa = PBXFileReference; fileEncoding = 4; lastKnownFileType = text.script.python; path = ESP300StageController.py; sourceTree = "<group>"; };
		5C14991A0ECCDBEF00FB73BB /* EyeTrackerStageController.py */ = {isa = PBXFileReference; fileEncoding = 4; lastKnownFileType = text.script.python; path = EyeTrackerStageController.py; sourceTree = "<group>"; };
		5C14991B0ECCDBEF00FB73BB /* SimulatedStageController.py */ = {isa = PBXFileReference; fileEncoding = 4; lastKnownFileType = text.script.python; path = SimulatedStageController.py; sourceTree = "<group>"; };
		5C14991D0ECCDBEF00FB73BB /* IPSerialBridge.py */ = {isa = PBXFileReference; fileEncoding = 4; lastKnownFileType = text.script.python; path = IPSerialBridge.py; sourceTree = "<group>"; };
		5C1499680ECDD5E900FB73BB /* CobraEyeTracker.py */ = {isa = PBXFileReference; fileEncoding = 4; lastKnownFileType = text.script.python; path = CobraEyeTracker.py; sourceTree = "<group>"; };
		5C4A926B12221F5C0021D741 /* FrugalCompositeEyeFeatureFinder.py */ = {isa = PBXFileReference; fileEncoding = 4; lastKnownFileType = text.script.python; lineEnding = 0; path = FrugalCompositeEyeFeatureFinder.py; sourceTree = "<group>"; xcLanguageSpecificationIdentifier = xcode.lang.python; };
		5C6200260EE8CF7B00A3ED1D /* Makefile */ = {isa = PBXFileReference; fileEncoding = 4; lastKnownFileType = sourcecode.make; name = Makefile; path = Camera/Prosilica/Makefile; sourceTree = "<group>"; };
		5C6200270EE8CF7B00A3ED1D /* numpy.i */ = {isa = PBXFileReference; fileEncoding = 4; lastKnownFileType = sourcecode.c.c.preprocessed; name = numpy.i; path = Camera/Prosilica/numpy.i; sourceTree = "<group>"; };
		5C6200280EE8CF7B00A3ED1D /* Prosilica.cxx */ = {isa = PBXFileReference; fileEncoding = 4; lastKnownFileType = sourcecode.cpp.cpp; name = Prosilica.cxx; path = Camera/Prosilica/Prosilica.cxx; sourceTree = "<group>"; };
		5C6200290EE8CF7B00A3ED1D /* Prosilica.h */ = {isa = PBXFileReference; fileEncoding = 4; lastKnownFileType = sourcecode.c.h; name = Prosilica.h; path = Camera/Prosilica/Prosilica.h; sourceTree = "<group>"; };
		5C62002A0EE8CF7B00A3ED1D /* prosilica.py */ = {isa = PBXFileReference; fileEncoding = 4; lastKnownFileType = text.script.python; name = prosilica.py; path = Camera/Prosilica/prosilica.py; sourceTree = "<group>"; };
		5C62002B0EE8CF7B00A3ED1D /* prosilica_cpp.i */ = {isa = PBXFileReference; fileEncoding = 4; lastKnownFileType = sourcecode.c.c.preprocessed; name = prosilica_cpp.i; path = Camera/Prosilica/prosilica_cpp.i; sourceTree = "<group>"; };
		5C62002C0EE8CF7B00A3ED1D /* prosilica_cpp.py */ = {isa = PBXFileReference; fileEncoding = 4; lastKnownFileType = text.script.python; name = prosilica_cpp.py; path = Camera/Prosilica/prosilica_cpp.py; sourceTree = "<group>"; };
		5C62FC8F0EE5CAD200A3ED1D /* StahlLikeCalibrator.py */ = {isa = PBXFileReference; fileEncoding = 4; lastKnownFileType = text.script.python; path = StahlLikeCalibrator.py; sourceTree = "<group>"; };
		5C62FCA80EE84F2600A3ED1D /* TestSimulatedCalibration.py */ = {isa = PBXFileReference; fileEncoding = 4; lastKnownFileType = text.script.python; path = TestSimulatedCalibration.py; sourceTree = "<group>"; };
		5C7A87370F81215E007B4724 /* mw_conduit.so */ = {isa = PBXFileReference; lastKnownFileType = "compiled.mach-o.bundle"; path = mw_conduit.so; sourceTree = "<group>"; };
		5C7A87970F813C5E007B4724 /* _prosilica_cpp.so */ = {isa = PBXFileReference; lastKnownFileType = "compiled.mach-o.bundle"; name = _prosilica_cpp.so; path = Camera/Prosilica/_prosilica_cpp.so; sourceTree = "<group>"; };
		5C81AD260EF6FF4C0041F785 /* TestESP300Stages.py */ = {isa = PBXFileReference; fileEncoding = 4; lastKnownFileType = text.script.python; path = TestESP300Stages.py; sourceTree = "<group>"; };
		5C9EE34C1072B0660051414D /* VanillaBackend.py */ = {isa = PBXFileReference; fileEncoding = 4; lastKnownFileType = text.script.python; lineEnding = 0; path = VanillaBackend.py; sourceTree = "<group>"; xcLanguageSpecificationIdentifier = xcode.lang.python; };
		5C9EE34E1072B0780051414D /* WovenBackend.py */ = {isa = PBXFileReference; fileEncoding = 4; lastKnownFileType = text.script.python; path = WovenBackend.py; sourceTree = "<group>"; };
		5C9EE3501072B0870051414D /* OpenCLBackend.py */ = {isa = PBXFileReference; fileEncoding = 4; lastKnownFileType = text.script.python; path = OpenCLBackend.py; sourceTree = "<group>"; };
		5CA677B30F67F3E900773E97 /* SubpixelStarburstEyeFeatureFinder.py */ = {isa = PBXFileReference; fileEncoding = 4; lastKnownFileType = text.script.python; lineEnding = 0; path = SubpixelStarburstEyeFeatureFinder.py; sourceTree = "<group>"; xcLanguageSpecificationIdentifier = xcode.lang.python; };
		5CA677E20F67FC0800773E97 /* EyetrackerUtilities.py */ = {isa = PBXFileReference; fileEncoding = 4; lastKnownFileType = text.script.python; path = EyetrackerUtilities.py; sourceTree = "<group>"; };
		5CA679470F688D4900773E97 /* TrackerMeasurement.py */ = {isa = PBXFileReference; fileEncoding = 4; lastKnownFileType = text.script.python; path = TrackerMeasurement.py; sourceTree = "<group>"; };
		5CA679490F68927200773E97 /* TrackerMeasurementController.py */ = {isa = PBXFileReference; fileEncoding = 4; lastKnownFileType = text.script.python; path = TrackerMeasurementController.py; sourceTree = "<group>"; };
		5CA67A2D0F69771500773E97 /* cocoa_backend.py */ = {isa = PBXFileReference; fileEncoding = 4; lastKnownFileType = text.script.python; path = cocoa_backend.py; sourceTree = "<group>"; };
		5CA67AC70F69B6B600773E97 /* KVCCompliant.py */ = {isa = PBXFileReference; fileEncoding = 4; lastKnownFileType = text.script.python; path = KVCCompliant.py; sourceTree = "<group>"; };
		5CBBC2821056C4FE004C69DF /* python2.6_env */ = {isa = PBXFileReference; lastKnownFileType = folder; path = python2.6_env; sourceTree = "<group>"; };
		5CBBE89510574F6F004C69DF /* OpenCLImageProcessing.py */ = {isa = PBXFileReference; fileEncoding = 4; lastKnownFileType = text.script.python; lineEnding = 0; path = OpenCLImageProcessing.py; sourceTree = "<group>"; xcLanguageSpecificationIdentifier = xcode.lang.python; };
		5CD22CF41046DC6000B621C5 /* modules.pth */ = {isa = PBXFileReference; fileEncoding = 4; lastKnownFileType = text; path = modules.pth; sourceTree = "<group>"; };
		5CD237061046DF3E00B621C5 /* python_env */ = {isa = PBXFileReference; lastKnownFileType = folder; path = python_env; sourceTree = "<group>"; };
		6880E3580FA8CADF0001A812 /* FocusAndZoomController.py */ = {isa = PBXFileReference; fileEncoding = 4; lastKnownFileType = text.script.python; path = FocusAndZoomController.py; sourceTree = "<group>"; };
		68E6A445122F0B2E004B45F4 /* eye.icns */ = {isa = PBXFileReference; lastKnownFileType = image.icns; path = eye.icns; sourceTree = "<group>"; };
		77631A3E0C0748CF005415CB /* main.py */ = {isa = PBXFileReference; fileEncoding = 4; lastKnownFileType = text.script.python; path = main.py; sourceTree = "<group>"; };
		77C8C1F80C07829500965286 /* English */ = {isa = PBXFileReference; lastKnownFileType = file.xib; name = English; path = English.lproj/MainMenu.xib; sourceTree = "<group>"; };
		8D1107310486CEB800E47090 /* Info.plist */ = {isa = PBXFileReference; fileEncoding = 4; lastKnownFileType = text.plist.xml; path = Info.plist; sourceTree = "<group>"; };
		8D1107320486CEB800E47090 /* EyeTracker.app */ = {isa = PBXFileReference; explicitFileType = wrapper.application; includeInIndex = 0; path = EyeTracker.app; sourceTree = BUILT_PRODUCTS_DIR; };
/* End PBXFileReference section */

/* Begin PBXFrameworksBuildPhase section */
		8D11072E0486CEB800E47090 /* Frameworks */ = {
			isa = PBXFrameworksBuildPhase;
			buildActionMask = 2147483647;
			files = (
				8D11072F0486CEB800E47090 /* Cocoa.framework in Frameworks */,
			);
			runOnlyForDeploymentPostprocessing = 0;
		};
/* End PBXFrameworksBuildPhase section */

/* Begin PBXGroup section */
		080E96DDFE201D6D7F000001 /* Classes */ = {
			isa = PBXGroup;
			children = (
				5C6200240EE8CF6200A3ED1D /* Prosilica */,
				5C62FCA70EE84F0F00A3ED1D /* Test Scripts */,
				5C1499060ECCDBEF00FB73BB /* Cocoa Controllers and Views (Main) */,
				5C1499090ECCDBEF00FB73BB /* ImageProcessing */,
				5C62FC8E0EE5CAA200A3ED1D /* Calibration */,
				5C1499140ECCDBEF00FB73BB /* LEDControl */,
				5C1499180ECCDBEF00FB73BB /* MotionControl */,
				5C14991C0ECCDBEF00FB73BB /* Utilities */,
				5C1498F10ECCDBD900FB73BB /* Camera */,
			);
			name = Classes;
			sourceTree = "<group>";
		};
		1058C7A0FEA54F0111CA2CBB /* Linked Frameworks */ = {
			isa = PBXGroup;
			children = (
				1058C7A1FEA54F0111CA2CBB /* Cocoa.framework */,
			);
			name = "Linked Frameworks";
			sourceTree = "<group>";
		};
		1058C7A2FEA54F0111CA2CBB /* Other Frameworks */ = {
			isa = PBXGroup;
			children = (
				29B97324FDCFA39411CA2CEA /* AppKit.framework */,
				13E42FB307B3F0F600E4EEF1 /* CoreData.framework */,
				29B97325FDCFA39411CA2CEA /* Foundation.framework */,
			);
			name = "Other Frameworks";
			sourceTree = "<group>";
		};
		19C28FACFE9D520D11CA2CBB /* Products */ = {
			isa = PBXGroup;
			children = (
				8D1107320486CEB800E47090 /* EyeTracker.app */,
			);
			name = Products;
			sourceTree = "<group>";
		};
		29B97314FDCFA39411CA2CEA /* EyeTracker */ = {
			isa = PBXGroup;
			children = (
				080E96DDFE201D6D7F000001 /* Classes */,
				29B97315FDCFA39411CA2CEA /* Other Sources */,
				29B97317FDCFA39411CA2CEA /* Resources */,
				29B97323FDCFA39411CA2CEA /* Frameworks */,
				19C28FACFE9D520D11CA2CBB /* Products */,
			);
			name = EyeTracker;
			sourceTree = "<group>";
		};
		29B97315FDCFA39411CA2CEA /* Other Sources */ = {
			isa = PBXGroup;
			children = (
				5C1499680ECDD5E900FB73BB /* CobraEyeTracker.py */,
				32CA4F630368D1EE00C91783 /* EyeTracker_Prefix.pch */,
				29B97316FDCFA39411CA2CEA /* main.m */,
				77631A3E0C0748CF005415CB /* main.py */,
			);
			name = "Other Sources";
			sourceTree = "<group>";
		};
		29B97317FDCFA39411CA2CEA /* Resources */ = {
			isa = PBXGroup;
			children = (
				68E6A445122F0B2E004B45F4 /* eye.icns */,
				5CBBC2821056C4FE004C69DF /* python2.6_env */,
				5CD237061046DF3E00B621C5 /* python_env */,
				5C7A87370F81215E007B4724 /* mw_conduit.so */,
				5C1499110ECCDBEF00FB73BB /* Images */,
				77C8C1F70C07829500965286 /* MainMenu.xib */,
				8D1107310486CEB800E47090 /* Info.plist */,
				089C165CFE840E0CC02AAC07 /* InfoPlist.strings */,
				5CD22CF41046DC6000B621C5 /* modules.pth */,
			);
			name = Resources;
			sourceTree = "<group>";
		};
		29B97323FDCFA39411CA2CEA /* Frameworks */ = {
			isa = PBXGroup;
			children = (
				1058C7A0FEA54F0111CA2CBB /* Linked Frameworks */,
				1058C7A2FEA54F0111CA2CBB /* Other Frameworks */,
			);
			name = Frameworks;
			sourceTree = "<group>";
		};
		5C1498F10ECCDBD900FB73BB /* Camera */ = {
			isa = PBXGroup;
			children = (
				5C1498F20ECCDBD900FB73BB /* FakeCameraDevice.py */,
				5C1498FC0ECCDBD900FB73BB /* ProsilicaCameraDevice.py */,
				5C1498FD0ECCDBD900FB73BB /* POVRaySimulatedCameraDevice.py */,
			);
			path = Camera;
			sourceTree = "<group>";
		};
		5C1499060ECCDBEF00FB73BB /* Cocoa Controllers and Views (Main) */ = {
			isa = PBXGroup;
			children = (
				5CA679460F688CEB00773E97 /* Measurements */,
				5C1499070ECCDBEF00FB73BB /* EyeTrackerController.py */,
				5C1499080ECCDBEF00FB73BB /* TrackerCameraView.py */,
				5CA67A2D0F69771500773E97 /* cocoa_backend.py */,
				5CA67AC70F69B6B600773E97 /* KVCCompliant.py */,
			);
			name = "Cocoa Controllers and Views (Main)";
			path = CocoaInteraction;
			sourceTree = "<group>";
		};
		5C1499090ECCDBEF00FB73BB /* ImageProcessing */ = {
			isa = PBXGroup;
			children = (
				5C9EE34B1072B0140051414D /* Backends */,
				5CA677B30F67F3E900773E97 /* SubpixelStarburstEyeFeatureFinder.py */,
				5C14990A0ECCDBEF00FB73BB /* CompositeEyeFeatureFinder.py */,
				5C14990C0ECCDBEF00FB73BB /* EyeFeatureFinder.py */,
				5C14990D0ECCDBEF00FB73BB /* FastRadialFeatureFinder.py */,
				5C14990E0ECCDBEF00FB73BB /* PipelinedFeatureFinder.py */,
				5C14990F0ECCDBEF00FB73BB /* SimpleEyeFeatureFinder.py */,
				5C4A926B12221F5C0021D741 /* FrugalCompositeEyeFeatureFinder.py */,
			);
			path = ImageProcessing;
			sourceTree = "<group>";
		};
		5C1499110ECCDBEF00FB73BB /* Images */ = {
			isa = PBXGroup;
			children = (
				5C1499120ECCDBEF00FB73BB /* NoX.tiff */,
				5C1499130ECCDBEF00FB73BB /* OkCheck.tiff */,
			);
			path = Images;
			sourceTree = "<group>";
		};
		5C1499140ECCDBEF00FB73BB /* LEDControl */ = {
			isa = PBXGroup;
			children = (
				5C1499160ECCDBEF00FB73BB /* MightexLEDController.py */,
				5C1499170ECCDBEF00FB73BB /* SimulatedLEDController.py */,
			);
			path = LEDControl;
			sourceTree = "<group>";
		};
		5C1499180ECCDBEF00FB73BB /* MotionControl */ = {
			isa = PBXGroup;
			children = (
				6880E3580FA8CADF0001A812 /* FocusAndZoomController.py */,
				5C1499190ECCDBEF00FB73BB /* ESP300StageController.py */,
				5C14991A0ECCDBEF00FB73BB /* EyeTrackerStageController.py */,
				5C14991B0ECCDBEF00FB73BB /* SimulatedStageController.py */,
			);
			path = MotionControl;
			sourceTree = "<group>";
		};
		5C14991C0ECCDBEF00FB73BB /* Utilities */ = {
			isa = PBXGroup;
			children = (
				5C14991D0ECCDBEF00FB73BB /* IPSerialBridge.py */,
				5CA677E20F67FC0800773E97 /* EyetrackerUtilities.py */,
			);
			path = Utilities;
			sourceTree = "<group>";
		};
		5C6200240EE8CF6200A3ED1D /* Prosilica */ = {
			isa = PBXGroup;
			children = (
				5C7A87970F813C5E007B4724 /* _prosilica_cpp.so */,
				5C6200260EE8CF7B00A3ED1D /* Makefile */,
				5C6200270EE8CF7B00A3ED1D /* numpy.i */,
				5C6200280EE8CF7B00A3ED1D /* Prosilica.cxx */,
				5C6200290EE8CF7B00A3ED1D /* Prosilica.h */,
				5C62002A0EE8CF7B00A3ED1D /* prosilica.py */,
				5C62002C0EE8CF7B00A3ED1D /* prosilica_cpp.py */,
				5C62002B0EE8CF7B00A3ED1D /* prosilica_cpp.i */,
			);
			name = Prosilica;
			sourceTree = "<group>";
		};
		5C62FC8E0EE5CAA200A3ED1D /* Calibration */ = {
			isa = PBXGroup;
			children = (
				5C62FC8F0EE5CAD200A3ED1D /* StahlLikeCalibrator.py */,
			);
			name = Calibration;
			sourceTree = "<group>";
		};
		5C62FCA70EE84F0F00A3ED1D /* Test Scripts */ = {
			isa = PBXGroup;
			children = (
				5C62FCA80EE84F2600A3ED1D /* TestSimulatedCalibration.py */,
				5C81AD260EF6FF4C0041F785 /* TestESP300Stages.py */,
			);
			name = "Test Scripts";
			sourceTree = "<group>";
		};
		5C9EE34B1072B0140051414D /* Backends */ = {
			isa = PBXGroup;
			children = (
				5C14990B0ECCDBEF00FB73BB /* ImageProcessingBackend.py */,
				5C9EE34C1072B0660051414D /* VanillaBackend.py */,
				5C9EE34E1072B0780051414D /* WovenBackend.py */,
				5C9EE3501072B0870051414D /* OpenCLBackend.py */,
				5CBBE89510574F6F004C69DF /* OpenCLImageProcessing.py */,
			);
			name = Backends;
			sourceTree = "<group>";
		};
		5CA679460F688CEB00773E97 /* Measurements */ = {
			isa = PBXGroup;
			children = (
				5CA679470F688D4900773E97 /* TrackerMeasurement.py */,
				5CA679490F68927200773E97 /* TrackerMeasurementController.py */,
			);
			name = Measurements;
			sourceTree = "<group>";
		};
/* End PBXGroup section */

/* Begin PBXNativeTarget section */
		8D1107260486CEB800E47090 /* EyeTracker */ = {
			isa = PBXNativeTarget;
			buildConfigurationList = C01FCF4A08A954540054247B /* Build configuration list for PBXNativeTarget "EyeTracker" */;
			buildPhases = (
				8D1107290486CEB800E47090 /* Resources */,
				8D11072C0486CEB800E47090 /* Sources */,
				8D11072E0486CEB800E47090 /* Frameworks */,
			);
			buildRules = (
			);
			dependencies = (
			);
			name = EyeTracker;
			productInstallPath = "$(HOME)/Applications";
			productName = EyeTracker;
			productReference = 8D1107320486CEB800E47090 /* EyeTracker.app */;
			productType = "com.apple.product-type.application";
		};
/* End PBXNativeTarget section */

/* Begin PBXProject section */
		29B97313FDCFA39411CA2CEA /* Project object */ = {
			isa = PBXProject;
			buildConfigurationList = C01FCF4E08A954540054247B /* Build configuration list for PBXProject "EyeTracker" */;
			compatibilityVersion = "Xcode 3.0";
			developmentRegion = English;
			hasScannedForEncodings = 1;
			knownRegions = (
				English,
				Japanese,
				French,
				German,
			);
			mainGroup = 29B97314FDCFA39411CA2CEA /* EyeTracker */;
			projectDirPath = "";
			projectRoot = "";
			targets = (
				8D1107260486CEB800E47090 /* EyeTracker */,
				5C7A87570F81389A007B4724 /* Prosilica Module */,
			);
		};
/* End PBXProject section */

/* Begin PBXResourcesBuildPhase section */
		8D1107290486CEB800E47090 /* Resources */ = {
			isa = PBXResourcesBuildPhase;
			buildActionMask = 2147483647;
			files = (
				8D11072B0486CEB800E47090 /* InfoPlist.strings in Resources */,
				77631A3F0C0748CF005415CB /* main.py in Resources */,
				77C8C1F90C07829500965286 /* MainMenu.xib in Resources */,
				5C1498FE0ECCDBD900FB73BB /* FakeCameraDevice.py in Resources */,
				5C1499040ECCDBD900FB73BB /* ProsilicaCameraDevice.py in Resources */,
				5C1499050ECCDBD900FB73BB /* POVRaySimulatedCameraDevice.py in Resources */,
				5C14991E0ECCDBEF00FB73BB /* EyeTrackerController.py in Resources */,
				5C14991F0ECCDBEF00FB73BB /* TrackerCameraView.py in Resources */,
				5C1499200ECCDBEF00FB73BB /* CompositeEyeFeatureFinder.py in Resources */,
				5C1499210ECCDBEF00FB73BB /* ImageProcessingBackend.py in Resources */,
				5C1499220ECCDBEF00FB73BB /* EyeFeatureFinder.py in Resources */,
				5C1499230ECCDBEF00FB73BB /* FastRadialFeatureFinder.py in Resources */,
				5C1499240ECCDBEF00FB73BB /* PipelinedFeatureFinder.py in Resources */,
				5C1499250ECCDBEF00FB73BB /* SimpleEyeFeatureFinder.py in Resources */,
				5C1499270ECCDBEF00FB73BB /* NoX.tiff in Resources */,
				5C1499280ECCDBEF00FB73BB /* OkCheck.tiff in Resources */,
				5C1499290ECCDBEF00FB73BB /* MightexLEDController.py in Resources */,
				5C14992A0ECCDBEF00FB73BB /* SimulatedLEDController.py in Resources */,
				5C14992B0ECCDBEF00FB73BB /* ESP300StageController.py in Resources */,
				5C14992C0ECCDBEF00FB73BB /* EyeTrackerStageController.py in Resources */,
				5C14992D0ECCDBEF00FB73BB /* SimulatedStageController.py in Resources */,
				5C14992E0ECCDBEF00FB73BB /* IPSerialBridge.py in Resources */,
				5C1499690ECDD5E900FB73BB /* CobraEyeTracker.py in Resources */,
				5C62FC900EE5CAD200A3ED1D /* StahlLikeCalibrator.py in Resources */,
				5C62FCA90EE84F2600A3ED1D /* TestSimulatedCalibration.py in Resources */,
				5C6200300EE8CF7B00A3ED1D /* prosilica.py in Resources */,
				5C6200310EE8CF7B00A3ED1D /* prosilica_cpp.py in Resources */,
				5C81AD270EF6FF4C0041F785 /* TestESP300Stages.py in Resources */,
				5CA677B40F67F3E900773E97 /* SubpixelStarburstEyeFeatureFinder.py in Resources */,
				5CA677E30F67FC0800773E97 /* EyetrackerUtilities.py in Resources */,
				5CA679480F688D4900773E97 /* TrackerMeasurement.py in Resources */,
				5CA6794A0F68927200773E97 /* TrackerMeasurementController.py in Resources */,
				5CA67A2E0F69771500773E97 /* cocoa_backend.py in Resources */,
				5CA67AC80F69B6B600773E97 /* KVCCompliant.py in Resources */,
				5C7A87380F81215E007B4724 /* mw_conduit.so in Resources */,
				5C7A87980F813C5E007B4724 /* _prosilica_cpp.so in Resources */,
				6880E3590FA8CADF0001A812 /* FocusAndZoomController.py in Resources */,
				5CD24BDF1046DF4200B621C5 /* python_env in Resources */,
				5CBBCDFC1056C504004C69DF /* python2.6_env in Resources */,
				5CBBE89610574F6F004C69DF /* OpenCLImageProcessing.py in Resources */,
				5C9EE34D1072B0660051414D /* VanillaBackend.py in Resources */,
				5C9EE34F1072B0780051414D /* WovenBackend.py in Resources */,
				5C9EE3511072B0870051414D /* OpenCLBackend.py in Resources */,
				5C4A926C12221F5C0021D741 /* FrugalCompositeEyeFeatureFinder.py in Resources */,
				68E6A446122F0B2E004B45F4 /* eye.icns in Resources */,
			);
			runOnlyForDeploymentPostprocessing = 0;
		};
/* End PBXResourcesBuildPhase section */

/* Begin PBXShellScriptBuildPhase section */
		5C7A87560F81389A007B4724 /* ShellScript */ = {
			isa = PBXShellScriptBuildPhase;
			buildActionMask = 2147483647;
			files = (
			);
			inputPaths = (
			);
			outputPaths = (
			);
			runOnlyForDeploymentPostprocessing = 0;
			shellPath = /bin/sh;
			shellScript = "# shell script goes here\ncd Camera/Prosilica\n/usr/local/bin/swig -c++ -shadow -python -IProsilicaGigESDK_mac/inc-pc -IProsilica prosilica_cpp.i\nmake -f Makefile.macosx64 prosilica_module\n";
		};
/* End PBXShellScriptBuildPhase section */

/* Begin PBXSourcesBuildPhase section */
		8D11072C0486CEB800E47090 /* Sources */ = {
			isa = PBXSourcesBuildPhase;
			buildActionMask = 2147483647;
			files = (
				8D11072D0486CEB800E47090 /* main.m in Sources */,
			);
			runOnlyForDeploymentPostprocessing = 0;
		};
/* End PBXSourcesBuildPhase section */

/* Begin PBXVariantGroup section */
		089C165CFE840E0CC02AAC07 /* InfoPlist.strings */ = {
			isa = PBXVariantGroup;
			children = (
				089C165DFE840E0CC02AAC07 /* English */,
			);
			name = InfoPlist.strings;
			sourceTree = "<group>";
		};
		77C8C1F70C07829500965286 /* MainMenu.xib */ = {
			isa = PBXVariantGroup;
			children = (
				77C8C1F80C07829500965286 /* English */,
			);
			name = MainMenu.xib;
			sourceTree = "<group>";
		};
/* End PBXVariantGroup section */

/* Begin XCBuildConfiguration section */
		5C7A87580F81389A007B4724 /* Debug */ = {
			isa = XCBuildConfiguration;
			buildSettings = {
				COPY_PHASE_STRIP = NO;
				GCC_DYNAMIC_NO_PIC = NO;
				GCC_OPTIMIZATION_LEVEL = 0;
				PRODUCT_NAME = "Prosilica Module";
			};
			name = Debug;
		};
		5C7A87590F81389A007B4724 /* Release */ = {
			isa = XCBuildConfiguration;
			buildSettings = {
				COPY_PHASE_STRIP = YES;
				DEBUG_INFORMATION_FORMAT = "dwarf-with-dsym";
				GCC_ENABLE_FIX_AND_CONTINUE = NO;
				PRODUCT_NAME = "Prosilica Module";
				ZERO_LINK = NO;
			};
			name = Release;
		};
		5CBBE6D91056D084004C69DF /* Debug (x86_64) */ = {
			isa = XCBuildConfiguration;
			buildSettings = {
				ARCHS = "$(ARCHS_STANDARD_64_BIT_PRE_XCODE_3_1)";
				ARCHS_STANDARD_64_BIT_PRE_XCODE_3_1 = x86_64;
				GCC_WARN_ABOUT_RETURN_TYPE = YES;
				GCC_WARN_UNUSED_VARIABLE = YES;
				PREBINDING = NO;
				SDKROOT = "$(DEVELOPER_SDK_DIR)/MacOSX10.5.sdk";
			};
			name = "Debug (x86_64)";
		};
		5CBBE6DA1056D084004C69DF /* Debug (x86_64) */ = {
			isa = XCBuildConfiguration;
			buildSettings = {
				ARCHS = "$(ARCHS_STANDARD_64_BIT_PRE_XCODE_3_1)";
				ARCHS_STANDARD_64_BIT_PRE_XCODE_3_1 = x86_64;
				COPY_PHASE_STRIP = NO;
				FRAMEWORK_SEARCH_PATHS = /System/Library/Frameworks;
				GCC_DYNAMIC_NO_PIC = NO;
				GCC_ENABLE_FIX_AND_CONTINUE = YES;
				GCC_ENABLE_OBJC_GC = unsupported;
				GCC_MODEL_TUNING = G5;
				GCC_OPTIMIZATION_LEVEL = 0;
				GCC_PRECOMPILE_PREFIX_HEADER = YES;
				GCC_PREFIX_HEADER = EyeTracker_Prefix.pch;
				INFOPLIST_FILE = Info.plist;
				INSTALL_PATH = "$(HOME)/Applications";
				OTHER_LDFLAGS = (
					"-L/usr/lib/python2.5",
					"-lpython",
				);
				PRODUCT_NAME = EyeTracker;
				SDKROOT = "";
				WRAPPER_EXTENSION = app;
				ZERO_LINK = YES;
			};
			name = "Debug (x86_64)";
		};
		5CBBE6DB1056D084004C69DF /* Debug (x86_64) */ = {
			isa = XCBuildConfiguration;
			buildSettings = {
				COPY_PHASE_STRIP = NO;
				GCC_DYNAMIC_NO_PIC = NO;
				GCC_OPTIMIZATION_LEVEL = 0;
				PRODUCT_NAME = "Prosilica Module";
			};
			name = "Debug (x86_64)";
		};
		C01FCF4B08A954540054247B /* Debug */ = {
			isa = XCBuildConfiguration;
			buildSettings = {
				ARCHS = "$(ARCHS_STANDARD_64_BIT_PRE_XCODE_3_1)";
				ARCHS_STANDARD_64_BIT_PRE_XCODE_3_1 = x86_64;
				COPY_PHASE_STRIP = NO;
				FRAMEWORK_SEARCH_PATHS = /System/Library/Frameworks;
				GCC_DYNAMIC_NO_PIC = NO;
				GCC_ENABLE_FIX_AND_CONTINUE = YES;
				GCC_ENABLE_OBJC_GC = unsupported;
				GCC_MODEL_TUNING = G5;
				GCC_OPTIMIZATION_LEVEL = 0;
				GCC_PRECOMPILE_PREFIX_HEADER = YES;
				GCC_PREFIX_HEADER = EyeTracker_Prefix.pch;
				INFOPLIST_FILE = Info.plist;
				INSTALL_PATH = "$(HOME)/Applications";
				OTHER_LDFLAGS = (
					"-L/usr/lib/python2.6",
					"-lpython",
				);
				PRODUCT_NAME = EyeTracker;
				SDKROOT = "";
				WRAPPER_EXTENSION = app;
				ZERO_LINK = YES;
			};
			name = Debug;
		};
		C01FCF4C08A954540054247B /* Release */ = {
			isa = XCBuildConfiguration;
			buildSettings = {
				DEBUG_INFORMATION_FORMAT = "dwarf-with-dsym";
				GCC_MODEL_TUNING = G5;
				GCC_PRECOMPILE_PREFIX_HEADER = YES;
				GCC_PREFIX_HEADER = EyeTracker_Prefix.pch;
				INFOPLIST_FILE = Info.plist;
				INSTALL_PATH = "$(HOME)/Applications";
				PRODUCT_NAME = EyeTracker;
				WRAPPER_EXTENSION = app;
			};
			name = Release;
		};
		C01FCF4F08A954540054247B /* Debug */ = {
			isa = XCBuildConfiguration;
			buildSettings = {
				GCC_ENABLE_OBJC_GC = required;
				GCC_OPTIMIZATION_LEVEL = 0;
				GCC_WARN_ABOUT_RETURN_TYPE = YES;
				GCC_WARN_UNUSED_VARIABLE = YES;
				PREBINDING = NO;
				SDKROOT = "$(DEVELOPER_SDK_DIR)/MacOSX10.5.sdk";
			};
			name = Debug;
		};
		C01FCF5008A954540054247B /* Release */ = {
			isa = XCBuildConfiguration;
			buildSettings = {
				ARCHS = (
					ppc,
					i386,
				);
				GCC_WARN_ABOUT_RETURN_TYPE = YES;
				GCC_WARN_UNUSED_VARIABLE = YES;
				PREBINDING = NO;
				SDKROOT = "$(DEVELOPER_SDK_DIR)/MacOSX10.5.sdk";
			};
			name = Release;
		};
/* End XCBuildConfiguration section */

/* Begin XCConfigurationList section */
		5C7A875D0F8138F5007B4724 /* Build configuration list for PBXAggregateTarget "Prosilica Module" */ = {
			isa = XCConfigurationList;
			buildConfigurations = (
				5C7A87580F81389A007B4724 /* Debug */,
				5CBBE6DB1056D084004C69DF /* Debug (x86_64) */,
				5C7A87590F81389A007B4724 /* Release */,
			);
			defaultConfigurationIsVisible = 0;
			defaultConfigurationName = Release;
		};
		C01FCF4A08A954540054247B /* Build configuration list for PBXNativeTarget "EyeTracker" */ = {
			isa = XCConfigurationList;
			buildConfigurations = (
				C01FCF4B08A954540054247B /* Debug */,
				5CBBE6DA1056D084004C69DF /* Debug (x86_64) */,
				C01FCF4C08A954540054247B /* Release */,
			);
			defaultConfigurationIsVisible = 0;
			defaultConfigurationName = Release;
		};
		C01FCF4E08A954540054247B /* Build configuration list for PBXProject "EyeTracker" */ = {
			isa = XCConfigurationList;
			buildConfigurations = (
				C01FCF4F08A954540054247B /* Debug */,
				5CBBE6D91056D084004C69DF /* Debug (x86_64) */,
				C01FCF5008A954540054247B /* Release */,
			);
			defaultConfigurationIsVisible = 0;
			defaultConfigurationName = Release;
		};
/* End XCConfigurationList section */
	};
	rootObject = 29B97313FDCFA39411CA2CEA /* Project object */;
}
